
Microsoft Visual Studio Solution File, Format Version 12.00
# Visual Studio Version 17
VisualStudioVersion = 17.6.33829.357
MinimumVisualStudioVersion = 10.0.40219.1
Project("{9A19103F-16F7-4668-BE54-9A1E7A4F7556}") = "CubeTracer", "CubeTracer.csproj", "{4979E65A-A055-4508-AAC7-BF3A864C5D63}"
EndProject
Project("{9A19103F-16F7-4668-BE54-9A1E7A4F7556}") = "Solver", "..\Solver\Solver.csproj", "{329654C5-CB02-4498-85A3-6A99CA5711BF}"
EndProject
Project("{9A19103F-16F7-4668-BE54-9A1E7A4F7556}") = "CubeTracerUI", "..\CubeTracerUI\CubeTracerUI.csproj", "{189C3F89-F8A4-4D64-8900-C10E8E1F8799}"
EndProject
Global
	GlobalSection(SolutionConfigurationPlatforms) = preSolution
		Debug|Any CPU = Debug|Any CPU
		Release|Any CPU = Release|Any CPU
	EndGlobalSection
	GlobalSection(ProjectConfigurationPlatforms) = postSolution
		{4979E65A-A055-4508-AAC7-BF3A864C5D63}.Debug|Any CPU.ActiveCfg = Debug|Any CPU
		{4979E65A-A055-4508-AAC7-BF3A864C5D63}.Debug|Any CPU.Build.0 = Debug|Any CPU
		{4979E65A-A055-4508-AAC7-BF3A864C5D63}.Release|Any CPU.ActiveCfg = Release|Any CPU
		{4979E65A-A055-4508-AAC7-BF3A864C5D63}.Release|Any CPU.Build.0 = Release|Any CPU
		{329654C5-CB02-4498-85A3-6A99CA5711BF}.Debug|Any CPU.ActiveCfg = Debug|Any CPU
		{329654C5-CB02-4498-85A3-6A99CA5711BF}.Debug|Any CPU.Build.0 = Debug|Any CPU
		{329654C5-CB02-4498-85A3-6A99CA5711BF}.Release|Any CPU.ActiveCfg = Release|Any CPU
		{329654C5-CB02-4498-85A3-6A99CA5711BF}.Release|Any CPU.Build.0 = Release|Any CPU
		{189C3F89-F8A4-4D64-8900-C10E8E1F8799}.Debug|Any CPU.ActiveCfg = Debug|Any CPU
		{189C3F89-F8A4-4D64-8900-C10E8E1F8799}.Debug|Any CPU.Build.0 = Debug|Any CPU
		{189C3F89-F8A4-4D64-8900-C10E8E1F8799}.Release|Any CPU.ActiveCfg = Release|Any CPU
		{189C3F89-F8A4-4D64-8900-C10E8E1F8799}.Release|Any CPU.Build.0 = Release|Any CPU
	EndGlobalSection
	GlobalSection(SolutionProperties) = preSolution
		HideSolutionNode = FALSE
	EndGlobalSection
	GlobalSection(ExtensibilityGlobals) = postSolution
		SolutionGuid = {16760D59-773E-4026-A453-5CBD0302C903}
	EndGlobalSection
EndGlobal
